
Microsoft Visual Studio Solution File, Format Version 12.00
# Visual Studio Version 17
VisualStudioVersion = 17.14.36804.6 d17.14
MinimumVisualStudioVersion = 10.0.40219.1
Project("{FAE04EC0-301F-11D3-BF4B-00C04F79EFBC}") = "PR_7_1", "PR_7_1\PR_7_1.csproj", "{9844F77A-2855-4FAD-B1A5-7AA446632E49}"
EndProject
Global
	GlobalSection(SolutionConfigurationPlatforms) = preSolution
		Debug|Any CPU = Debug|Any CPU
		Release|Any CPU = Release|Any CPU
	EndGlobalSection
	GlobalSection(ProjectConfigurationPlatforms) = postSolution
		{9844F77A-2855-4FAD-B1A5-7AA446632E49}.Debug|Any CPU.ActiveCfg = Debug|Any CPU
		{9844F77A-2855-4FAD-B1A5-7AA446632E49}.Debug|Any CPU.Build.0 = Debug|Any CPU
		{9844F77A-2855-4FAD-B1A5-7AA446632E49}.Release|Any CPU.ActiveCfg = Release|Any CPU
		{9844F77A-2855-4FAD-B1A5-7AA446632E49}.Release|Any CPU.Build.0 = Release|Any CPU
	EndGlobalSection
	GlobalSection(SolutionProperties) = preSolution
		HideSolutionNode = FALSE
	EndGlobalSection
	GlobalSection(ExtensibilityGlobals) = postSolution
		SolutionGuid = {B2D33F36-9545-4A04-9F89-729FB0F25186}
	EndGlobalSection
EndGlobal
